
Microsoft Visual Studio Solution File, Format Version 12.00
# Visual Studio Version 17
VisualStudioVersion = 17.1.32421.90
MinimumVisualStudioVersion = 10.0.40219.1
Project("{9A19103F-16F7-4668-BE54-9A1E7A4F7556}") = "utp.industrial.view", "Clase7_listas\utp.industrial.view.csproj", "{43BDB914-D821-4F1E-BAE7-E1CAB4860027}"
EndProject
Project("{FAE04EC0-301F-11D3-BF4B-00C04F79EFBC}") = "utp.industrial.entity", "utp.industrial.view\utp.industrial.entity.csproj", "{F84E324A-D87B-4FEA-BD95-C256C9464725}"
EndProject
Global
	GlobalSection(SolutionConfigurationPlatforms) = preSolution
		Debug|Any CPU = Debug|Any CPU
		Release|Any CPU = Release|Any CPU
	EndGlobalSection
	GlobalSection(ProjectConfigurationPlatforms) = postSolution
		{43BDB914-D821-4F1E-BAE7-E1CAB4860027}.Debug|Any CPU.ActiveCfg = Debug|Any CPU
		{43BDB914-D821-4F1E-BAE7-E1CAB4860027}.Debug|Any CPU.Build.0 = Debug|Any CPU
		{43BDB914-D821-4F1E-BAE7-E1CAB4860027}.Release|Any CPU.ActiveCfg = Release|Any CPU
		{43BDB914-D821-4F1E-BAE7-E1CAB4860027}.Release|Any CPU.Build.0 = Release|Any CPU
		{F84E324A-D87B-4FEA-BD95-C256C9464725}.Debug|Any CPU.ActiveCfg = Debug|Any CPU
		{F84E324A-D87B-4FEA-BD95-C256C9464725}.Debug|Any CPU.Build.0 = Debug|Any CPU
		{F84E324A-D87B-4FEA-BD95-C256C9464725}.Release|Any CPU.ActiveCfg = Release|Any CPU
		{F84E324A-D87B-4FEA-BD95-C256C9464725}.Release|Any CPU.Build.0 = Release|Any CPU
	EndGlobalSection
	GlobalSection(SolutionProperties) = preSolution
		HideSolutionNode = FALSE
	EndGlobalSection
	GlobalSection(ExtensibilityGlobals) = postSolution
		SolutionGuid = {2EC944A4-A396-4CE0-811E-BEF1E3CA7638}
	EndGlobalSection
EndGlobal
